// !$*UTF8*$!
{
	archiveVersion = 1;
	classes = {
	};
	objectVersion = 50;
	objects = {

/* Begin PBXBuildFile section */
		0C323B2023EEB1F30041303F /* AppDelegate.swift in Sources */ = {isa = PBXBuildFile; fileRef = 0C323B1F23EEB1F30041303F /* AppDelegate.swift */; };
		0C323B2223EEB1F30041303F /* SceneDelegate.swift in Sources */ = {isa = PBXBuildFile; fileRef = 0C323B2123EEB1F30041303F /* SceneDelegate.swift */; };
		0C323B2723EEB1F30041303F /* Main.storyboard in Resources */ = {isa = PBXBuildFile; fileRef = 0C323B2523EEB1F30041303F /* Main.storyboard */; };
		0C323B2923EEB1F60041303F /* Assets.xcassets in Resources */ = {isa = PBXBuildFile; fileRef = 0C323B2823EEB1F60041303F /* Assets.xcassets */; };
		0C323B2C23EEB1F60041303F /* LaunchScreen.storyboard in Resources */ = {isa = PBXBuildFile; fileRef = 0C323B2A23EEB1F60041303F /* LaunchScreen.storyboard */; };
		0C323B3723EEB1F60041303F /* PPPTests.swift in Sources */ = {isa = PBXBuildFile; fileRef = 0C323B3623EEB1F60041303F /* PPPTests.swift */; };
		0C323B4223EEB1F60041303F /* PPPUITests.swift in Sources */ = {isa = PBXBuildFile; fileRef = 0C323B4123EEB1F60041303F /* PPPUITests.swift */; };
		0C323B5323EEB25D0041303F /* genPPP.swift in Sources */ = {isa = PBXBuildFile; fileRef = 0C323B5223EEB25D0041303F /* genPPP.swift */; };
		0C323B5623EEB2920041303F /* stringSeparator.swift in Sources */ = {isa = PBXBuildFile; fileRef = 0C323B5523EEB2920041303F /* stringSeparator.swift */; };
		0C323B5923EEB2C90041303F /* cellPPPCollectionViewCell.swift in Sources */ = {isa = PBXBuildFile; fileRef = 0C323B5823EEB2C90041303F /* cellPPPCollectionViewCell.swift */; };
		0C323B5B23EEB2F20041303F /* mainPPPViewController.swift in Sources */ = {isa = PBXBuildFile; fileRef = 0C323B5A23EEB2F20041303F /* mainPPPViewController.swift */; };
		0CA8C48923F3D0FA00AD5B9A /* UInt128.swift in Sources */ = {isa = PBXBuildFile; fileRef = 0CA8C48823F3D0FA00AD5B9A /* UInt128.swift */; };
		0CA8C48B23F702BC00AD5B9A /* pseudoaleatorio.swift in Sources */ = {isa = PBXBuildFile; fileRef = 0CA8C48A23F702BC00AD5B9A /* pseudoaleatorio.swift */; };
/* End PBXBuildFile section */

/* Begin PBXContainerItemProxy section */
		0C323B3323EEB1F60041303F /* PBXContainerItemProxy */ = {
			isa = PBXContainerItemProxy;
			containerPortal = 0C323B1423EEB1F30041303F /* Project object */;
			proxyType = 1;
			remoteGlobalIDString = 0C323B1B23EEB1F30041303F;
			remoteInfo = PPP;
		};
		0C323B3E23EEB1F60041303F /* PBXContainerItemProxy */ = {
			isa = PBXContainerItemProxy;
			containerPortal = 0C323B1423EEB1F30041303F /* Project object */;
			proxyType = 1;
			remoteGlobalIDString = 0C323B1B23EEB1F30041303F;
			remoteInfo = PPP;
		};
/* End PBXContainerItemProxy section */

/* Begin PBXFileReference section */
		0C323B1C23EEB1F30041303F /* PPP.app */ = {isa = PBXFileReference; explicitFileType = wrapper.application; includeInIndex = 0; path = PPP.app; sourceTree = BUILT_PRODUCTS_DIR; };
		0C323B1F23EEB1F30041303F /* AppDelegate.swift */ = {isa = PBXFileReference; lastKnownFileType = sourcecode.swift; path = AppDelegate.swift; sourceTree = "<group>"; };
		0C323B2123EEB1F30041303F /* SceneDelegate.swift */ = {isa = PBXFileReference; lastKnownFileType = sourcecode.swift; path = SceneDelegate.swift; sourceTree = "<group>"; };
		0C323B2623EEB1F30041303F /* Base */ = {isa = PBXFileReference; lastKnownFileType = file.storyboard; name = Base; path = Base.lproj/Main.storyboard; sourceTree = "<group>"; };
		0C323B2823EEB1F60041303F /* Assets.xcassets */ = {isa = PBXFileReference; lastKnownFileType = folder.assetcatalog; path = Assets.xcassets; sourceTree = "<group>"; };
		0C323B2B23EEB1F60041303F /* Base */ = {isa = PBXFileReference; lastKnownFileType = file.storyboard; name = Base; path = Base.lproj/LaunchScreen.storyboard; sourceTree = "<group>"; };
		0C323B2D23EEB1F60041303F /* Info.plist */ = {isa = PBXFileReference; lastKnownFileType = text.plist.xml; path = Info.plist; sourceTree = "<group>"; };
		0C323B3223EEB1F60041303F /* PPPTests.xctest */ = {isa = PBXFileReference; explicitFileType = wrapper.cfbundle; includeInIndex = 0; path = PPPTests.xctest; sourceTree = BUILT_PRODUCTS_DIR; };
		0C323B3623EEB1F60041303F /* PPPTests.swift */ = {isa = PBXFileReference; lastKnownFileType = sourcecode.swift; path = PPPTests.swift; sourceTree = "<group>"; };
		0C323B3823EEB1F60041303F /* Info.plist */ = {isa = PBXFileReference; lastKnownFileType = text.plist.xml; path = Info.plist; sourceTree = "<group>"; };
		0C323B3D23EEB1F60041303F /* PPPUITests.xctest */ = {isa = PBXFileReference; explicitFileType = wrapper.cfbundle; includeInIndex = 0; path = PPPUITests.xctest; sourceTree = BUILT_PRODUCTS_DIR; };
		0C323B4123EEB1F60041303F /* PPPUITests.swift */ = {isa = PBXFileReference; lastKnownFileType = sourcecode.swift; path = PPPUITests.swift; sourceTree = "<group>"; };
		0C323B4323EEB1F60041303F /* Info.plist */ = {isa = PBXFileReference; lastKnownFileType = text.plist.xml; path = Info.plist; sourceTree = "<group>"; };
		0C323B5223EEB25D0041303F /* genPPP.swift */ = {isa = PBXFileReference; lastKnownFileType = sourcecode.swift; path = genPPP.swift; sourceTree = "<group>"; };
		0C323B5523EEB2920041303F /* stringSeparator.swift */ = {isa = PBXFileReference; lastKnownFileType = sourcecode.swift; path = stringSeparator.swift; sourceTree = "<group>"; };
		0C323B5823EEB2C90041303F /* cellPPPCollectionViewCell.swift */ = {isa = PBXFileReference; lastKnownFileType = sourcecode.swift; path = cellPPPCollectionViewCell.swift; sourceTree = "<group>"; };
		0C323B5A23EEB2F20041303F /* mainPPPViewController.swift */ = {isa = PBXFileReference; lastKnownFileType = sourcecode.swift; path = mainPPPViewController.swift; sourceTree = "<group>"; };
		0CA8C48823F3D0FA00AD5B9A /* UInt128.swift */ = {isa = PBXFileReference; fileEncoding = 4; lastKnownFileType = sourcecode.swift; path = UInt128.swift; sourceTree = "<group>"; };
		0CA8C48A23F702BC00AD5B9A /* pseudoaleatorio.swift */ = {isa = PBXFileReference; lastKnownFileType = sourcecode.swift; path = pseudoaleatorio.swift; sourceTree = "<group>"; };
/* End PBXFileReference section */

/* Begin PBXFrameworksBuildPhase section */
		0C323B1923EEB1F30041303F /* Frameworks */ = {
			isa = PBXFrameworksBuildPhase;
			buildActionMask = 2147483647;
			files = (
			);
			runOnlyForDeploymentPostprocessing = 0;
		};
		0C323B2F23EEB1F60041303F /* Frameworks */ = {
			isa = PBXFrameworksBuildPhase;
			buildActionMask = 2147483647;
			files = (
			);
			runOnlyForDeploymentPostprocessing = 0;
		};
		0C323B3A23EEB1F60041303F /* Frameworks */ = {
			isa = PBXFrameworksBuildPhase;
			buildActionMask = 2147483647;
			files = (
			);
			runOnlyForDeploymentPostprocessing = 0;
		};
/* End PBXFrameworksBuildPhase section */

/* Begin PBXGroup section */
		0C323B1323EEB1F30041303F = {
			isa = PBXGroup;
			children = (
				0C323B1E23EEB1F30041303F /* PPP */,
				0C323B3523EEB1F60041303F /* PPPTests */,
				0C323B4023EEB1F60041303F /* PPPUITests */,
				0C323B1D23EEB1F30041303F /* Products */,
			);
			sourceTree = "<group>";
		};
		0C323B1D23EEB1F30041303F /* Products */ = {
			isa = PBXGroup;
			children = (
				0C323B1C23EEB1F30041303F /* PPP.app */,
				0C323B3223EEB1F60041303F /* PPPTests.xctest */,
				0C323B3D23EEB1F60041303F /* PPPUITests.xctest */,
			);
			name = Products;
			sourceTree = "<group>";
		};
		0C323B1E23EEB1F30041303F /* PPP */ = {
			isa = PBXGroup;
			children = (
				0C323B5723EEB2AE0041303F /* View */,
				0C323B5423EEB2790041303F /* Model */,
				0C323B4F23EEB2290041303F /* Controller */,
				0C323B1F23EEB1F30041303F /* AppDelegate.swift */,
				0C323B2123EEB1F30041303F /* SceneDelegate.swift */,
				0C323B2523EEB1F30041303F /* Main.storyboard */,
				0C323B2823EEB1F60041303F /* Assets.xcassets */,
				0C323B2A23EEB1F60041303F /* LaunchScreen.storyboard */,
				0C323B2D23EEB1F60041303F /* Info.plist */,
			);
			path = PPP;
			sourceTree = "<group>";
		};
		0C323B3523EEB1F60041303F /* PPPTests */ = {
			isa = PBXGroup;
			children = (
				0C323B3623EEB1F60041303F /* PPPTests.swift */,
				0C323B3823EEB1F60041303F /* Info.plist */,
			);
			path = PPPTests;
			sourceTree = "<group>";
		};
		0C323B4023EEB1F60041303F /* PPPUITests */ = {
			isa = PBXGroup;
			children = (
				0C323B4123EEB1F60041303F /* PPPUITests.swift */,
				0C323B4323EEB1F60041303F /* Info.plist */,
			);
			path = PPPUITests;
			sourceTree = "<group>";
		};
		0C323B4F23EEB2290041303F /* Controller */ = {
			isa = PBXGroup;
			children = (
				0C323B5223EEB25D0041303F /* genPPP.swift */,
			);
			path = Controller;
			sourceTree = "<group>";
		};
		0C323B5423EEB2790041303F /* Model */ = {
			isa = PBXGroup;
			children = (
				0CA8C48823F3D0FA00AD5B9A /* UInt128.swift */,
				0C323B5523EEB2920041303F /* stringSeparator.swift */,
				0CA8C48A23F702BC00AD5B9A /* pseudoaleatorio.swift */,
			);
			path = Model;
			sourceTree = "<group>";
		};
		0C323B5723EEB2AE0041303F /* View */ = {
			isa = PBXGroup;
			children = (
				0C323B5823EEB2C90041303F /* cellPPPCollectionViewCell.swift */,
				0C323B5A23EEB2F20041303F /* mainPPPViewController.swift */,
			);
			path = View;
			sourceTree = "<group>";
		};
/* End PBXGroup section */

/* Begin PBXNativeTarget section */
		0C323B1B23EEB1F30041303F /* PPP */ = {
			isa = PBXNativeTarget;
			buildConfigurationList = 0C323B4623EEB1F60041303F /* Build configuration list for PBXNativeTarget "PPP" */;
			buildPhases = (
				0C323B1823EEB1F30041303F /* Sources */,
				0C323B1923EEB1F30041303F /* Frameworks */,
				0C323B1A23EEB1F30041303F /* Resources */,
			);
			buildRules = (
			);
			dependencies = (
			);
			name = PPP;
			productName = PPP;
			productReference = 0C323B1C23EEB1F30041303F /* PPP.app */;
			productType = "com.apple.product-type.application";
		};
		0C323B3123EEB1F60041303F /* PPPTests */ = {
			isa = PBXNativeTarget;
			buildConfigurationList = 0C323B4923EEB1F60041303F /* Build configuration list for PBXNativeTarget "PPPTests" */;
			buildPhases = (
				0C323B2E23EEB1F60041303F /* Sources */,
				0C323B2F23EEB1F60041303F /* Frameworks */,
				0C323B3023EEB1F60041303F /* Resources */,
			);
			buildRules = (
			);
			dependencies = (
				0C323B3423EEB1F60041303F /* PBXTargetDependency */,
			);
			name = PPPTests;
			productName = PPPTests;
			productReference = 0C323B3223EEB1F60041303F /* PPPTests.xctest */;
			productType = "com.apple.product-type.bundle.unit-test";
		};
		0C323B3C23EEB1F60041303F /* PPPUITests */ = {
			isa = PBXNativeTarget;
			buildConfigurationList = 0C323B4C23EEB1F60041303F /* Build configuration list for PBXNativeTarget "PPPUITests" */;
			buildPhases = (
				0C323B3923EEB1F60041303F /* Sources */,
				0C323B3A23EEB1F60041303F /* Frameworks */,
				0C323B3B23EEB1F60041303F /* Resources */,
			);
			buildRules = (
			);
			dependencies = (
				0C323B3F23EEB1F60041303F /* PBXTargetDependency */,
			);
			name = PPPUITests;
			productName = PPPUITests;
			productReference = 0C323B3D23EEB1F60041303F /* PPPUITests.xctest */;
			productType = "com.apple.product-type.bundle.ui-testing";
		};
/* End PBXNativeTarget section */

/* Begin PBXProject section */
		0C323B1423EEB1F30041303F /* Project object */ = {
			isa = PBXProject;
			attributes = {
				LastSwiftUpdateCheck = 1130;
				LastUpgradeCheck = 1130;
				ORGANIZATIONNAME = "Jose Olvera";
				TargetAttributes = {
					0C323B1B23EEB1F30041303F = {
						CreatedOnToolsVersion = 11.3.1;
					};
					0C323B3123EEB1F60041303F = {
						CreatedOnToolsVersion = 11.3.1;
						TestTargetID = 0C323B1B23EEB1F30041303F;
					};
					0C323B3C23EEB1F60041303F = {
						CreatedOnToolsVersion = 11.3.1;
						TestTargetID = 0C323B1B23EEB1F30041303F;
					};
				};
			};
			buildConfigurationList = 0C323B1723EEB1F30041303F /* Build configuration list for PBXProject "PPP" */;
			compatibilityVersion = "Xcode 9.3";
			developmentRegion = en;
			hasScannedForEncodings = 0;
			knownRegions = (
				en,
				Base,
			);
			mainGroup = 0C323B1323EEB1F30041303F;
			productRefGroup = 0C323B1D23EEB1F30041303F /* Products */;
			projectDirPath = "";
			projectRoot = "";
			targets = (
				0C323B1B23EEB1F30041303F /* PPP */,
				0C323B3123EEB1F60041303F /* PPPTests */,
				0C323B3C23EEB1F60041303F /* PPPUITests */,
			);
		};
/* End PBXProject section */

/* Begin PBXResourcesBuildPhase section */
		0C323B1A23EEB1F30041303F /* Resources */ = {
			isa = PBXResourcesBuildPhase;
			buildActionMask = 2147483647;
			files = (
				0C323B2C23EEB1F60041303F /* LaunchScreen.storyboard in Resources */,
				0C323B2923EEB1F60041303F /* Assets.xcassets in Resources */,
				0C323B2723EEB1F30041303F /* Main.storyboard in Resources */,
			);
			runOnlyForDeploymentPostprocessing = 0;
		};
		0C323B3023EEB1F60041303F /* Resources */ = {
			isa = PBXResourcesBuildPhase;
			buildActionMask = 2147483647;
			files = (
			);
			runOnlyForDeploymentPostprocessing = 0;
		};
		0C323B3B23EEB1F60041303F /* Resources */ = {
			isa = PBXResourcesBuildPhase;
			buildActionMask = 2147483647;
			files = (
			);
			runOnlyForDeploymentPostprocessing = 0;
		};
/* End PBXResourcesBuildPhase section */

/* Begin PBXSourcesBuildPhase section */
		0C323B1823EEB1F30041303F /* Sources */ = {
			isa = PBXSourcesBuildPhase;
			buildActionMask = 2147483647;
			files = (
				0CA8C48B23F702BC00AD5B9A /* pseudoaleatorio.swift in Sources */,
				0C323B5B23EEB2F20041303F /* mainPPPViewController.swift in Sources */,
				0C323B5623EEB2920041303F /* stringSeparator.swift in Sources */,
				0CA8C48923F3D0FA00AD5B9A /* UInt128.swift in Sources */,
				0C323B5323EEB25D0041303F /* genPPP.swift in Sources */,
				0C323B5923EEB2C90041303F /* cellPPPCollectionViewCell.swift in Sources */,
				0C323B2023EEB1F30041303F /* AppDelegate.swift in Sources */,
				0C323B2223EEB1F30041303F /* SceneDelegate.swift in Sources */,
			);
			runOnlyForDeploymentPostprocessing = 0;
		};
		0C323B2E23EEB1F60041303F /* Sources */ = {
			isa = PBXSourcesBuildPhase;
			buildActionMask = 2147483647;
			files = (
				0C323B3723EEB1F60041303F /* PPPTests.swift in Sources */,
			);
			runOnlyForDeploymentPostprocessing = 0;
		};
		0C323B3923EEB1F60041303F /* Sources */ = {
			isa = PBXSourcesBuildPhase;
			buildActionMask = 2147483647;
			files = (
				0C323B4223EEB1F60041303F /* PPPUITests.swift in Sources */,
			);
			runOnlyForDeploymentPostprocessing = 0;
		};
/* End PBXSourcesBuildPhase section */

/* Begin PBXTargetDependency section */
		0C323B3423EEB1F60041303F /* PBXTargetDependency */ = {
			isa = PBXTargetDependency;
			target = 0C323B1B23EEB1F30041303F /* PPP */;
			targetProxy = 0C323B3323EEB1F60041303F /* PBXContainerItemProxy */;
		};
		0C323B3F23EEB1F60041303F /* PBXTargetDependency */ = {
			isa = PBXTargetDependency;
			target = 0C323B1B23EEB1F30041303F /* PPP */;
			targetProxy = 0C323B3E23EEB1F60041303F /* PBXContainerItemProxy */;
		};
/* End PBXTargetDependency section */

/* Begin PBXVariantGroup section */
		0C323B2523EEB1F30041303F /* Main.storyboard */ = {
			isa = PBXVariantGroup;
			children = (
				0C323B2623EEB1F30041303F /* Base */,
			);
			name = Main.storyboard;
			sourceTree = "<group>";
		};
		0C323B2A23EEB1F60041303F /* LaunchScreen.storyboard */ = {
			isa = PBXVariantGroup;
			children = (
				0C323B2B23EEB1F60041303F /* Base */,
			);
			name = LaunchScreen.storyboard;
			sourceTree = "<group>";
		};
/* End PBXVariantGroup section */

/* Begin XCBuildConfiguration section */
		0C323B4423EEB1F60041303F /* Debug */ = {
			isa = XCBuildConfiguration;
			buildSettings = {
				ALWAYS_SEARCH_USER_PATHS = NO;
				CLANG_ANALYZER_NONNULL = YES;
				CLANG_ANALYZER_NUMBER_OBJECT_CONVERSION = YES_AGGRESSIVE;
				CLANG_CXX_LANGUAGE_STANDARD = "gnu++14";
				CLANG_CXX_LIBRARY = "libc++";
				CLANG_ENABLE_MODULES = YES;
				CLANG_ENABLE_OBJC_ARC = YES;
				CLANG_ENABLE_OBJC_WEAK = YES;
				CLANG_WARN_BLOCK_CAPTURE_AUTORELEASING = YES;
				CLANG_WARN_BOOL_CONVERSION = YES;
				CLANG_WARN_COMMA = YES;
				CLANG_WARN_CONSTANT_CONVERSION = YES;
				CLANG_WARN_DEPRECATED_OBJC_IMPLEMENTATIONS = YES;
				CLANG_WARN_DIRECT_OBJC_ISA_USAGE = YES_ERROR;
				CLANG_WARN_DOCUMENTATION_COMMENTS = YES;
				CLANG_WARN_EMPTY_BODY = YES;
				CLANG_WARN_ENUM_CONVERSION = YES;
				CLANG_WARN_INFINITE_RECURSION = YES;
				CLANG_WARN_INT_CONVERSION = YES;
				CLANG_WARN_NON_LITERAL_NULL_CONVERSION = YES;
				CLANG_WARN_OBJC_IMPLICIT_RETAIN_SELF = YES;
				CLANG_WARN_OBJC_LITERAL_CONVERSION = YES;
				CLANG_WARN_OBJC_ROOT_CLASS = YES_ERROR;
				CLANG_WARN_RANGE_LOOP_ANALYSIS = YES;
				CLANG_WARN_STRICT_PROTOTYPES = YES;
				CLANG_WARN_SUSPICIOUS_MOVE = YES;
				CLANG_WARN_UNGUARDED_AVAILABILITY = YES_AGGRESSIVE;
				CLANG_WARN_UNREACHABLE_CODE = YES;
				CLANG_WARN__DUPLICATE_METHOD_MATCH = YES;
				COPY_PHASE_STRIP = NO;
				DEBUG_INFORMATION_FORMAT = dwarf;
				ENABLE_STRICT_OBJC_MSGSEND = YES;
				ENABLE_TESTABILITY = YES;
				GCC_C_LANGUAGE_STANDARD = gnu11;
				GCC_DYNAMIC_NO_PIC = NO;
				GCC_NO_COMMON_BLOCKS = YES;
				GCC_OPTIMIZATION_LEVEL = 0;
				GCC_PREPROCESSOR_DEFINITIONS = (
					"DEBUG=1",
					"$(inherited)",
				);
				GCC_WARN_64_TO_32_BIT_CONVERSION = YES;
				GCC_WARN_ABOUT_RETURN_TYPE = YES_ERROR;
				GCC_WARN_UNDECLARED_SELECTOR = YES;
				GCC_WARN_UNINITIALIZED_AUTOS = YES_AGGRESSIVE;
				GCC_WARN_UNUSED_FUNCTION = YES;
				GCC_WARN_UNUSED_VARIABLE = YES;
				IPHONEOS_DEPLOYMENT_TARGET = 13.2;
				MTL_ENABLE_DEBUG_INFO = INCLUDE_SOURCE;
				MTL_FAST_MATH = YES;
				ONLY_ACTIVE_ARCH = YES;
				SDKROOT = iphoneos;
				SWIFT_ACTIVE_COMPILATION_CONDITIONS = DEBUG;
				SWIFT_OPTIMIZATION_LEVEL = "-Onone";
			};
			name = Debug;
		};
		0C323B4523EEB1F60041303F /* Release */ = {
			isa = XCBuildConfiguration;
			buildSettings = {
				ALWAYS_SEARCH_USER_PATHS = NO;
				CLANG_ANALYZER_NONNULL = YES;
				CLANG_ANALYZER_NUMBER_OBJECT_CONVERSION = YES_AGGRESSIVE;
				CLANG_CXX_LANGUAGE_STANDARD = "gnu++14";
				CLANG_CXX_LIBRARY = "libc++";
				CLANG_ENABLE_MODULES = YES;
				CLANG_ENABLE_OBJC_ARC = YES;
				CLANG_ENABLE_OBJC_WEAK = YES;
				CLANG_WARN_BLOCK_CAPTURE_AUTORELEASING = YES;
				CLANG_WARN_BOOL_CONVERSION = YES;
				CLANG_WARN_COMMA = YES;
				CLANG_WARN_CONSTANT_CONVERSION = YES;
				CLANG_WARN_DEPRECATED_OBJC_IMPLEMENTATIONS = YES;
				CLANG_WARN_DIRECT_OBJC_ISA_USAGE = YES_ERROR;
				CLANG_WARN_DOCUMENTATION_COMMENTS = YES;
				CLANG_WARN_EMPTY_BODY = YES;
				CLANG_WARN_ENUM_CONVERSION = YES;
				CLANG_WARN_INFINITE_RECURSION = YES;
				CLANG_WARN_INT_CONVERSION = YES;
				CLANG_WARN_NON_LITERAL_NULL_CONVERSION = YES;
				CLANG_WARN_OBJC_IMPLICIT_RETAIN_SELF = YES;
				CLANG_WARN_OBJC_LITERAL_CONVERSION = YES;
				CLANG_WARN_OBJC_ROOT_CLASS = YES_ERROR;
				CLANG_WARN_RANGE_LOOP_ANALYSIS = YES;
				CLANG_WARN_STRICT_PROTOTYPES = YES;
				CLANG_WARN_SUSPICIOUS_MOVE = YES;
				CLANG_WARN_UNGUARDED_AVAILABILITY = YES_AGGRESSIVE;
				CLANG_WARN_UNREACHABLE_CODE = YES;
				CLANG_WARN__DUPLICATE_METHOD_MATCH = YES;
				COPY_PHASE_STRIP = NO;
				DEBUG_INFORMATION_FORMAT = "dwarf-with-dsym";
				ENABLE_NS_ASSERTIONS = NO;
				ENABLE_STRICT_OBJC_MSGSEND = YES;
				GCC_C_LANGUAGE_STANDARD = gnu11;
				GCC_NO_COMMON_BLOCKS = YES;
				GCC_WARN_64_TO_32_BIT_CONVERSION = YES;
				GCC_WARN_ABOUT_RETURN_TYPE = YES_ERROR;
				GCC_WARN_UNDECLARED_SELECTOR = YES;
				GCC_WARN_UNINITIALIZED_AUTOS = YES_AGGRESSIVE;
				GCC_WARN_UNUSED_FUNCTION = YES;
				GCC_WARN_UNUSED_VARIABLE = YES;
				IPHONEOS_DEPLOYMENT_TARGET = 13.2;
				MTL_ENABLE_DEBUG_INFO = NO;
				MTL_FAST_MATH = YES;
				SDKROOT = iphoneos;
				SWIFT_COMPILATION_MODE = wholemodule;
				SWIFT_OPTIMIZATION_LEVEL = "-O";
				VALIDATE_PRODUCT = YES;
			};
			name = Release;
		};
		0C323B4723EEB1F60041303F /* Debug */ = {
			isa = XCBuildConfiguration;
			buildSettings = {
				ASSETCATALOG_COMPILER_APPICON_NAME = AppIcon;
				CODE_SIGN_STYLE = Automatic;
				DEVELOPMENT_TEAM = SNLRFYH275;
				INFOPLIST_FILE = PPP/Info.plist;
				LD_RUNPATH_SEARCH_PATHS = (
					"$(inherited)",
					"@executable_path/Frameworks",
				);
				PRODUCT_BUNDLE_IDENTIFIER = com.diplomado4G.PPP;
				PRODUCT_NAME = "$(TARGET_NAME)";
				SWIFT_VERSION = 5.0;
				TARGETED_DEVICE_FAMILY = "1,2";
			};
			name = Debug;
		};
		0C323B4823EEB1F60041303F /* Release */ = {
			isa = XCBuildConfiguration;
			buildSettings = {
				ASSETCATALOG_COMPILER_APPICON_NAME = AppIcon;
				CODE_SIGN_STYLE = Automatic;
				DEVELOPMENT_TEAM = SNLRFYH275;
				INFOPLIST_FILE = PPP/Info.plist;
				LD_RUNPATH_SEARCH_PATHS = (
					"$(inherited)",
					"@executable_path/Frameworks",
				);
				PRODUCT_BUNDLE_IDENTIFIER = com.diplomado4G.PPP;
				PRODUCT_NAME = "$(TARGET_NAME)";
				SWIFT_VERSION = 5.0;
				TARGETED_DEVICE_FAMILY = "1,2";
			};
			name = Release;
		};
		0C323B4A23EEB1F60041303F /* Debug */ = {
			isa = XCBuildConfiguration;
			buildSettings = {
				ALWAYS_EMBED_SWIFT_STANDARD_LIBRARIES = YES;
				BUNDLE_LOADER = "$(TEST_HOST)";
				CODE_SIGN_STYLE = Automatic;
				DEVELOPMENT_TEAM = SNLRFYH275;
				INFOPLIST_FILE = PPPTests/Info.plist;
				IPHONEOS_DEPLOYMENT_TARGET = 13.2;
				LD_RUNPATH_SEARCH_PATHS = (
					"$(inherited)",
					"@executable_path/Frameworks",
					"@loader_path/Frameworks",
				);
				PRODUCT_BUNDLE_IDENTIFIER = com.diplomado4G.PPPTests;
				PRODUCT_NAME = "$(TARGET_NAME)";
				SWIFT_VERSION = 5.0;
				TARGETED_DEVICE_FAMILY = "1,2";
				TEST_HOST = "$(BUILT_PRODUCTS_DIR)/PPP.app/PPP";
			};
			name = Debug;
		};
		0C323B4B23EEB1F60041303F /* Release */ = {
			isa = XCBuildConfiguration;
			buildSettings = {
				ALWAYS_EMBED_SWIFT_STANDARD_LIBRARIES = YES;
				BUNDLE_LOADER = "$(TEST_HOST)";
				CODE_SIGN_STYLE = Automatic;
				DEVELOPMENT_TEAM = SNLRFYH275;
				INFOPLIST_FILE = PPPTests/Info.plist;
				IPHONEOS_DEPLOYMENT_TARGET = 13.2;
				LD_RUNPATH_SEARCH_PATHS = (
					"$(inherited)",
					"@executable_path/Frameworks",
					"@loader_path/Frameworks",
				);
				PRODUCT_BUNDLE_IDENTIFIER = com.diplomado4G.PPPTests;
				PRODUCT_NAME = "$(TARGET_NAME)";
				SWIFT_VERSION = 5.0;
				TARGETED_DEVICE_FAMILY = "1,2";
				TEST_HOST = "$(BUILT_PRODUCTS_DIR)/PPP.app/PPP";
			};
			name = Release;
		};
		0C323B4D23EEB1F60041303F /* Debug */ = {
			isa = XCBuildConfiguration;
			buildSettings = {
				ALWAYS_EMBED_SWIFT_STANDARD_LIBRARIES = YES;
				CODE_SIGN_STYLE = Automatic;
				DEVELOPMENT_TEAM = SNLRFYH275;
				INFOPLIST_FILE = PPPUITests/Info.plist;
				LD_RUNPATH_SEARCH_PATHS = (
					"$(inherited)",
					"@executable_path/Frameworks",
					"@loader_path/Frameworks",
				);
				PRODUCT_BUNDLE_IDENTIFIER = com.diplomado4G.PPPUITests;
				PRODUCT_NAME = "$(TARGET_NAME)";
				SWIFT_VERSION = 5.0;
				TARGETED_DEVICE_FAMILY = "1,2";
				TEST_TARGET_NAME = PPP;
			};
			name = Debug;
		};
		0C323B4E23EEB1F60041303F /* Release */ = {
			isa = XCBuildConfiguration;
			buildSettings = {
				ALWAYS_EMBED_SWIFT_STANDARD_LIBRARIES = YES;
				CODE_SIGN_STYLE = Automatic;
				DEVELOPMENT_TEAM = SNLRFYH275;
				INFOPLIST_FILE = PPPUITests/Info.plist;
				LD_RUNPATH_SEARCH_PATHS = (
					"$(inherited)",
					"@executable_path/Frameworks",
					"@loader_path/Frameworks",
				);
				PRODUCT_BUNDLE_IDENTIFIER = com.diplomado4G.PPPUITests;
				PRODUCT_NAME = "$(TARGET_NAME)";
				SWIFT_VERSION = 5.0;
				TARGETED_DEVICE_FAMILY = "1,2";
				TEST_TARGET_NAME = PPP;
			};
			name = Release;
		};
/* End XCBuildConfiguration section */

/* Begin XCConfigurationList section */
		0C323B1723EEB1F30041303F /* Build configuration list for PBXProject "PPP" */ = {
			isa = XCConfigurationList;
			buildConfigurations = (
				0C323B4423EEB1F60041303F /* Debug */,
				0C323B4523EEB1F60041303F /* Release */,
			);
			defaultConfigurationIsVisible = 0;
			defaultConfigurationName = Release;
		};
		0C323B4623EEB1F60041303F /* Build configuration list for PBXNativeTarget "PPP" */ = {
			isa = XCConfigurationList;
			buildConfigurations = (
				0C323B4723EEB1F60041303F /* Debug */,
				0C323B4823EEB1F60041303F /* Release */,
			);
			defaultConfigurationIsVisible = 0;
			defaultConfigurationName = Release;
		};
		0C323B4923EEB1F60041303F /* Build configuration list for PBXNativeTarget "PPPTests" */ = {
			isa = XCConfigurationList;
			buildConfigurations = (
				0C323B4A23EEB1F60041303F /* Debug */,
				0C323B4B23EEB1F60041303F /* Release */,
			);
			defaultConfigurationIsVisible = 0;
			defaultConfigurationName = Release;
		};
		0C323B4C23EEB1F60041303F /* Build configuration list for PBXNativeTarget "PPPUITests" */ = {
			isa = XCConfigurationList;
			buildConfigurations = (
				0C323B4D23EEB1F60041303F /* Debug */,
				0C323B4E23EEB1F60041303F /* Release */,
			);
			defaultConfigurationIsVisible = 0;
			defaultConfigurationName = Release;
		};
/* End XCConfigurationList section */
	};
	rootObject = 0C323B1423EEB1F30041303F /* Project object */;
}
